
Microsoft Visual Studio Solution File, Format Version 12.00
# Visual Studio Version 16
VisualStudioVersion = 16.0.29519.87
MinimumVisualStudioVersion = 10.0.40219.1
Project("{2150E333-8FDC-42A3-9474-1A3956D46DE8}") = "1 - Services", "1 - Services", "{06470C86-0490-4ED2-B67E-F0D67F2183A2}"
EndProject
Project("{2150E333-8FDC-42A3-9474-1A3956D46DE8}") = "2 - Application", "2 - Application", "{106D765A-99FE-4AB7-BC23-5436ED054B0F}"
EndProject
Project("{2150E333-8FDC-42A3-9474-1A3956D46DE8}") = "3 - Domain", "3 - Domain", "{B5BF4007-8BEB-49AD-BEA5-D760FCB4FF75}"
EndProject
Project("{2150E333-8FDC-42A3-9474-1A3956D46DE8}") = "4 - Infra", "4 - Infra", "{4B496AE7-99DF-489A-8E12-E964CE44C9C0}"
EndProject
Project("{2150E333-8FDC-42A3-9474-1A3956D46DE8}") = "4.1 - Data", "4.1 - Data", "{9651535F-9C08-43AD-8010-E0224EFA15B3}"
EndProject
Project("{2150E333-8FDC-42A3-9474-1A3956D46DE8}") = "4.2 - CrossCutting", "4.2 - CrossCutting", "{106A37A2-945C-4383-890B-32BCDE8AFF97}"
EndProject
Project("{9A19103F-16F7-4668-BE54-9A1E7A4F7556}") = "Conferences.Application", "src\Conferences.Application\Conferences.Application.csproj", "{53304144-16A4-4428-BA39-793994C33ED9}"
EndProject
Project("{9A19103F-16F7-4668-BE54-9A1E7A4F7556}") = "Conferences.Infra.Data", "src\Conferences.Infra.Data\Conferences.Infra.Data.csproj", "{E4341562-E169-4F51-8539-D3F1C80304BD}"
EndProject
Project("{9A19103F-16F7-4668-BE54-9A1E7A4F7556}") = "Conferences.Infra.CrossCutting.IoC", "src\Conferences.Infra.CrossCutting.IoC\Conferences.Infra.CrossCutting.IoC.csproj", "{ABDBB082-F27C-48B3-988B-346B3BF6FB7A}"
EndProject
Project("{9A19103F-16F7-4668-BE54-9A1E7A4F7556}") = "Conferences.Domain", "src\Conferences.Domain\Conferences.Domain.csproj", "{F3EBF67B-2F55-4280-8A16-C56907093970}"
EndProject
Project("{9A19103F-16F7-4668-BE54-9A1E7A4F7556}") = "Conferences.Domain.Core", "src\Conferences.Domain.Core\Conferences.Domain.Core.csproj", "{2F5A6D1F-FD05-42D6-8BCF-18212D5A9673}"
EndProject
Project("{9A19103F-16F7-4668-BE54-9A1E7A4F7556}") = "Conferences.Service.Api", "src\Conferences.Service.Api\Conferences.Service.Api.csproj", "{BF741E00-8ED5-4F3A-94DD-255AD502B685}"
EndProject
Global
	GlobalSection(SolutionConfigurationPlatforms) = preSolution
		Debug|Any CPU = Debug|Any CPU
		Release|Any CPU = Release|Any CPU
	EndGlobalSection
	GlobalSection(ProjectConfigurationPlatforms) = postSolution
		{53304144-16A4-4428-BA39-793994C33ED9}.Debug|Any CPU.ActiveCfg = Debug|Any CPU
		{53304144-16A4-4428-BA39-793994C33ED9}.Debug|Any CPU.Build.0 = Debug|Any CPU
		{53304144-16A4-4428-BA39-793994C33ED9}.Release|Any CPU.ActiveCfg = Release|Any CPU
		{53304144-16A4-4428-BA39-793994C33ED9}.Release|Any CPU.Build.0 = Release|Any CPU
		{E4341562-E169-4F51-8539-D3F1C80304BD}.Debug|Any CPU.ActiveCfg = Debug|Any CPU
		{E4341562-E169-4F51-8539-D3F1C80304BD}.Debug|Any CPU.Build.0 = Debug|Any CPU
		{E4341562-E169-4F51-8539-D3F1C80304BD}.Release|Any CPU.ActiveCfg = Release|Any CPU
		{E4341562-E169-4F51-8539-D3F1C80304BD}.Release|Any CPU.Build.0 = Release|Any CPU
		{ABDBB082-F27C-48B3-988B-346B3BF6FB7A}.Debug|Any CPU.ActiveCfg = Debug|Any CPU
		{ABDBB082-F27C-48B3-988B-346B3BF6FB7A}.Debug|Any CPU.Build.0 = Debug|Any CPU
		{ABDBB082-F27C-48B3-988B-346B3BF6FB7A}.Release|Any CPU.ActiveCfg = Release|Any CPU
		{ABDBB082-F27C-48B3-988B-346B3BF6FB7A}.Release|Any CPU.Build.0 = Release|Any CPU
		{F3EBF67B-2F55-4280-8A16-C56907093970}.Debug|Any CPU.ActiveCfg = Debug|Any CPU
		{F3EBF67B-2F55-4280-8A16-C56907093970}.Debug|Any CPU.Build.0 = Debug|Any CPU
		{F3EBF67B-2F55-4280-8A16-C56907093970}.Release|Any CPU.ActiveCfg = Release|Any CPU
		{F3EBF67B-2F55-4280-8A16-C56907093970}.Release|Any CPU.Build.0 = Release|Any CPU
		{2F5A6D1F-FD05-42D6-8BCF-18212D5A9673}.Debug|Any CPU.ActiveCfg = Debug|Any CPU
		{2F5A6D1F-FD05-42D6-8BCF-18212D5A9673}.Debug|Any CPU.Build.0 = Debug|Any CPU
		{2F5A6D1F-FD05-42D6-8BCF-18212D5A9673}.Release|Any CPU.ActiveCfg = Release|Any CPU
		{2F5A6D1F-FD05-42D6-8BCF-18212D5A9673}.Release|Any CPU.Build.0 = Release|Any CPU
		{BF741E00-8ED5-4F3A-94DD-255AD502B685}.Debug|Any CPU.ActiveCfg = Debug|Any CPU
		{BF741E00-8ED5-4F3A-94DD-255AD502B685}.Debug|Any CPU.Build.0 = Debug|Any CPU
		{BF741E00-8ED5-4F3A-94DD-255AD502B685}.Release|Any CPU.ActiveCfg = Release|Any CPU
		{BF741E00-8ED5-4F3A-94DD-255AD502B685}.Release|Any CPU.Build.0 = Release|Any CPU
	EndGlobalSection
	GlobalSection(SolutionProperties) = preSolution
		HideSolutionNode = FALSE
	EndGlobalSection
	GlobalSection(NestedProjects) = preSolution
		{9651535F-9C08-43AD-8010-E0224EFA15B3} = {4B496AE7-99DF-489A-8E12-E964CE44C9C0}
		{106A37A2-945C-4383-890B-32BCDE8AFF97} = {4B496AE7-99DF-489A-8E12-E964CE44C9C0}
		{53304144-16A4-4428-BA39-793994C33ED9} = {106D765A-99FE-4AB7-BC23-5436ED054B0F}
		{E4341562-E169-4F51-8539-D3F1C80304BD} = {9651535F-9C08-43AD-8010-E0224EFA15B3}
		{ABDBB082-F27C-48B3-988B-346B3BF6FB7A} = {106A37A2-945C-4383-890B-32BCDE8AFF97}
		{F3EBF67B-2F55-4280-8A16-C56907093970} = {B5BF4007-8BEB-49AD-BEA5-D760FCB4FF75}
		{2F5A6D1F-FD05-42D6-8BCF-18212D5A9673} = {B5BF4007-8BEB-49AD-BEA5-D760FCB4FF75}
		{BF741E00-8ED5-4F3A-94DD-255AD502B685} = {06470C86-0490-4ED2-B67E-F0D67F2183A2}
	EndGlobalSection
	GlobalSection(ExtensibilityGlobals) = postSolution
		SolutionGuid = {61D2E44C-C315-4688-B9F8-AEAF6AF70EED}
	EndGlobalSection
EndGlobal
